// !$*UTF8*$!
{
	archiveVersion = 1;
	classes = {
	};
	objectVersion = 50;
	objects = {

/* Begin PBXBuildFile section */
		C5AEC7AA2588C9EF00800810 /* main.m in Sources */ = {isa = PBXBuildFile; fileRef = C5AEC7A92588C9EF00800810 /* main.m */; };
		C5AEC7B82588CAFD00800810 /* Goose.m in Sources */ = {isa = PBXBuildFile; fileRef = C5AEC7B72588CAFD00800810 /* Goose.m */; };
		C5AEC7C32588CFFB00800810 /* Human.m in Sources */ = {isa = PBXBuildFile; fileRef = C5AEC7C22588CFFA00800810 /* Human.m */; };
		C5AEC7C82588D38C00800810 /* Flock.m in Sources */ = {isa = PBXBuildFile; fileRef = C5AEC7C72588D38C00800810 /* Flock.m */; };
/* End PBXBuildFile section */

/* Begin PBXCopyFilesBuildPhase section */
		C5AEC7A42588C9EF00800810 /* CopyFiles */ = {
			isa = PBXCopyFilesBuildPhase;
			buildActionMask = 2147483647;
			dstPath = /usr/share/man/man1/;
			dstSubfolderSpec = 0;
			files = (
			);
			runOnlyForDeploymentPostprocessing = 1;
		};
/* End PBXCopyFilesBuildPhase section */

/* Begin PBXFileReference section */
		C5AEC7A62588C9EF00800810 /* NilsAndAFlockOfGeese */ = {isa = PBXFileReference; explicitFileType = "compiled.mach-o.executable"; includeInIndex = 0; path = NilsAndAFlockOfGeese; sourceTree = BUILT_PRODUCTS_DIR; };
		C5AEC7A92588C9EF00800810 /* main.m */ = {isa = PBXFileReference; lastKnownFileType = sourcecode.c.objc; path = main.m; sourceTree = "<group>"; };
		C5AEC7B62588CAFD00800810 /* Goose.h */ = {isa = PBXFileReference; lastKnownFileType = sourcecode.c.h; path = Goose.h; sourceTree = "<group>"; };
		C5AEC7B72588CAFD00800810 /* Goose.m */ = {isa = PBXFileReference; lastKnownFileType = sourcecode.c.objc; path = Goose.m; sourceTree = "<group>"; };
		C5AEC7C12588CFFA00800810 /* Human.h */ = {isa = PBXFileReference; lastKnownFileType = sourcecode.c.h; path = Human.h; sourceTree = "<group>"; };
		C5AEC7C22588CFFA00800810 /* Human.m */ = {isa = PBXFileReference; lastKnownFileType = sourcecode.c.objc; path = Human.m; sourceTree = "<group>"; };
		C5AEC7C62588D38C00800810 /* Flock.h */ = {isa = PBXFileReference; lastKnownFileType = sourcecode.c.h; path = Flock.h; sourceTree = "<group>"; };
		C5AEC7C72588D38C00800810 /* Flock.m */ = {isa = PBXFileReference; lastKnownFileType = sourcecode.c.objc; path = Flock.m; sourceTree = "<group>"; };
/* End PBXFileReference section */

/* Begin PBXFrameworksBuildPhase section */
		C5AEC7A32588C9EF00800810 /* Frameworks */ = {
			isa = PBXFrameworksBuildPhase;
			buildActionMask = 2147483647;
			files = (
			);
			runOnlyForDeploymentPostprocessing = 0;
		};
/* End PBXFrameworksBuildPhase section */

/* Begin PBXGroup section */
		C5AEC79D2588C9EF00800810 = {
			isa = PBXGroup;
			children = (
				C5AEC7A82588C9EF00800810 /* NilsAndAFlockOfGeese */,
				C5AEC7A72588C9EF00800810 /* Products */,
			);
			sourceTree = "<group>";
		};
		C5AEC7A72588C9EF00800810 /* Products */ = {
			isa = PBXGroup;
			children = (
				C5AEC7A62588C9EF00800810 /* NilsAndAFlockOfGeese */,
			);
			name = Products;
			sourceTree = "<group>";
		};
		C5AEC7A82588C9EF00800810 /* NilsAndAFlockOfGeese */ = {
			isa = PBXGroup;
			children = (
				C5AEC7A92588C9EF00800810 /* main.m */,
				C5AEC7B32588CA7E00800810 /* Classes */,
			);
			path = NilsAndAFlockOfGeese;
			sourceTree = "<group>";
		};
		C5AEC7B32588CA7E00800810 /* Classes */ = {
			isa = PBXGroup;
			children = (
				C5AEC7C52588D35700800810 /* ClassFlock */,
				C5AEC7B52588CA9C00800810 /* ClassGoose */,
				C5AEC7B42588CA8E00800810 /* ClassHuman */,
			);
			path = Classes;
			sourceTree = "<group>";
		};
		C5AEC7B42588CA8E00800810 /* ClassHuman */ = {
			isa = PBXGroup;
			children = (
				C5AEC7C12588CFFA00800810 /* Human.h */,
				C5AEC7C22588CFFA00800810 /* Human.m */,
			);
			path = ClassHuman;
			sourceTree = "<group>";
		};
		C5AEC7B52588CA9C00800810 /* ClassGoose */ = {
			isa = PBXGroup;
			children = (
				C5AEC7B62588CAFD00800810 /* Goose.h */,
				C5AEC7B72588CAFD00800810 /* Goose.m */,
			);
			path = ClassGoose;
			sourceTree = "<group>";
		};
		C5AEC7C52588D35700800810 /* ClassFlock */ = {
			isa = PBXGroup;
			children = (
				C5AEC7C62588D38C00800810 /* Flock.h */,
				C5AEC7C72588D38C00800810 /* Flock.m */,
			);
			path = ClassFlock;
			sourceTree = "<group>";
		};
/* End PBXGroup section */

/* Begin PBXNativeTarget section */
		C5AEC7A52588C9EF00800810 /* NilsAndAFlockOfGeese */ = {
			isa = PBXNativeTarget;
			buildConfigurationList = C5AEC7AD2588C9EF00800810 /* Build configuration list for PBXNativeTarget "NilsAndAFlockOfGeese" */;
			buildPhases = (
				C5AEC7A22588C9EF00800810 /* Sources */,
				C5AEC7A32588C9EF00800810 /* Frameworks */,
				C5AEC7A42588C9EF00800810 /* CopyFiles */,
			);
			buildRules = (
			);
			dependencies = (
			);
			name = NilsAndAFlockOfGeese;
			productName = NilsAndAFlockOfGeese;
			productReference = C5AEC7A62588C9EF00800810 /* NilsAndAFlockOfGeese */;
			productType = "com.apple.product-type.tool";
		};
/* End PBXNativeTarget section */

/* Begin PBXProject section */
		C5AEC79E2588C9EF00800810 /* Project object */ = {
			isa = PBXProject;
			attributes = {
				LastUpgradeCheck = 1220;
				TargetAttributes = {
					C5AEC7A52588C9EF00800810 = {
						CreatedOnToolsVersion = 12.2;
					};
				};
			};
			buildConfigurationList = C5AEC7A12588C9EF00800810 /* Build configuration list for PBXProject "NilsAndAFlockOfGeese" */;
			compatibilityVersion = "Xcode 9.3";
			developmentRegion = en;
			hasScannedForEncodings = 0;
			knownRegions = (
				en,
				Base,
			);
			mainGroup = C5AEC79D2588C9EF00800810;
			productRefGroup = C5AEC7A72588C9EF00800810 /* Products */;
			projectDirPath = "";
			projectRoot = "";
			targets = (
				C5AEC7A52588C9EF00800810 /* NilsAndAFlockOfGeese */,
			);
		};
/* End PBXProject section */

/* Begin PBXSourcesBuildPhase section */
		C5AEC7A22588C9EF00800810 /* Sources */ = {
			isa = PBXSourcesBuildPhase;
			buildActionMask = 2147483647;
			files = (
				C5AEC7C32588CFFB00800810 /* Human.m in Sources */,
				C5AEC7C82588D38C00800810 /* Flock.m in Sources */,
				C5AEC7AA2588C9EF00800810 /* main.m in Sources */,
				C5AEC7B82588CAFD00800810 /* Goose.m in Sources */,
			);
			runOnlyForDeploymentPostprocessing = 0;
		};
/* End PBXSourcesBuildPhase section */

/* Begin XCBuildConfiguration section */
		C5AEC7AB2588C9EF00800810 /* Debug */ = {
			isa = XCBuildConfiguration;
			buildSettings = {
				ALWAYS_SEARCH_USER_PATHS = NO;
				CLANG_ANALYZER_NONNULL = YES;
				CLANG_ANALYZER_NUMBER_OBJECT_CONVERSION = YES_AGGRESSIVE;
				CLANG_CXX_LANGUAGE_STANDARD = "gnu++14";
				CLANG_CXX_LIBRARY = "libc++";
				CLANG_ENABLE_MODULES = YES;
				CLANG_ENABLE_OBJC_ARC = YES;
				CLANG_ENABLE_OBJC_WEAK = YES;
				CLANG_WARN_BLOCK_CAPTURE_AUTORELEASING = YES;
				CLANG_WARN_BOOL_CONVERSION = YES;
				CLANG_WARN_COMMA = YES;
				CLANG_WARN_CONSTANT_CONVERSION = YES;
				CLANG_WARN_DEPRECATED_OBJC_IMPLEMENTATIONS = YES;
				CLANG_WARN_DIRECT_OBJC_ISA_USAGE = YES_ERROR;
				CLANG_WARN_DOCUMENTATION_COMMENTS = YES;
				CLANG_WARN_EMPTY_BODY = YES;
				CLANG_WARN_ENUM_CONVERSION = YES;
				CLANG_WARN_INFINITE_RECURSION = YES;
				CLANG_WARN_INT_CONVERSION = YES;
				CLANG_WARN_NON_LITERAL_NULL_CONVERSION = YES;
				CLANG_WARN_OBJC_IMPLICIT_RETAIN_SELF = YES;
				CLANG_WARN_OBJC_LITERAL_CONVERSION = YES;
				CLANG_WARN_OBJC_ROOT_CLASS = YES_ERROR;
				CLANG_WARN_QUOTED_INCLUDE_IN_FRAMEWORK_HEADER = YES;
				CLANG_WARN_RANGE_LOOP_ANALYSIS = YES;
				CLANG_WARN_STRICT_PROTOTYPES = YES;
				CLANG_WARN_SUSPICIOUS_MOVE = YES;
				CLANG_WARN_UNGUARDED_AVAILABILITY = YES_AGGRESSIVE;
				CLANG_WARN_UNREACHABLE_CODE = YES;
				CLANG_WARN__DUPLICATE_METHOD_MATCH = YES;
				COPY_PHASE_STRIP = NO;
				DEBUG_INFORMATION_FORMAT = dwarf;
				ENABLE_STRICT_OBJC_MSGSEND = YES;
				ENABLE_TESTABILITY = YES;
				GCC_C_LANGUAGE_STANDARD = gnu11;
				GCC_DYNAMIC_NO_PIC = NO;
				GCC_NO_COMMON_BLOCKS = YES;
				GCC_OPTIMIZATION_LEVEL = 0;
				GCC_PREPROCESSOR_DEFINITIONS = (
					"DEBUG=1",
					"$(inherited)",
				);
				GCC_WARN_64_TO_32_BIT_CONVERSION = YES;
				GCC_WARN_ABOUT_RETURN_TYPE = YES_ERROR;
				GCC_WARN_UNDECLARED_SELECTOR = YES;
				GCC_WARN_UNINITIALIZED_AUTOS = YES_AGGRESSIVE;
				GCC_WARN_UNUSED_FUNCTION = YES;
				GCC_WARN_UNUSED_VARIABLE = YES;
				MACOSX_DEPLOYMENT_TARGET = 10.15;
				MTL_ENABLE_DEBUG_INFO = INCLUDE_SOURCE;
				MTL_FAST_MATH = YES;
				ONLY_ACTIVE_ARCH = YES;
				SDKROOT = macosx;
			};
			name = Debug;
		};
		C5AEC7AC2588C9EF00800810 /* Release */ = {
			isa = XCBuildConfiguration;
			buildSettings = {
				ALWAYS_SEARCH_USER_PATHS = NO;
				CLANG_ANALYZER_NONNULL = YES;
				CLANG_ANALYZER_NUMBER_OBJECT_CONVERSION = YES_AGGRESSIVE;
				CLANG_CXX_LANGUAGE_STANDARD = "gnu++14";
				CLANG_CXX_LIBRARY = "libc++";
				CLANG_ENABLE_MODULES = YES;
				CLANG_ENABLE_OBJC_ARC = YES;
				CLANG_ENABLE_OBJC_WEAK = YES;
				CLANG_WARN_BLOCK_CAPTURE_AUTORELEASING = YES;
				CLANG_WARN_BOOL_CONVERSION = YES;
				CLANG_WARN_COMMA = YES;
				CLANG_WARN_CONSTANT_CONVERSION = YES;
				CLANG_WARN_DEPRECATED_OBJC_IMPLEMENTATIONS = YES;
				CLANG_WARN_DIRECT_OBJC_ISA_USAGE = YES_ERROR;
				CLANG_WARN_DOCUMENTATION_COMMENTS = YES;
				CLANG_WARN_EMPTY_BODY = YES;
				CLANG_WARN_ENUM_CONVERSION = YES;
				CLANG_WARN_INFINITE_RECURSION = YES;
				CLANG_WARN_INT_CONVERSION = YES;
				CLANG_WARN_NON_LITERAL_NULL_CONVERSION = YES;
				CLANG_WARN_OBJC_IMPLICIT_RETAIN_SELF = YES;
				CLANG_WARN_OBJC_LITERAL_CONVERSION = YES;
				CLANG_WARN_OBJC_ROOT_CLASS = YES_ERROR;
				CLANG_WARN_QUOTED_INCLUDE_IN_FRAMEWORK_HEADER = YES;
				CLANG_WARN_RANGE_LOOP_ANALYSIS = YES;
				CLANG_WARN_STRICT_PROTOTYPES = YES;
				CLANG_WARN_SUSPICIOUS_MOVE = YES;
				CLANG_WARN_UNGUARDED_AVAILABILITY = YES_AGGRESSIVE;
				CLANG_WARN_UNREACHABLE_CODE = YES;
				CLANG_WARN__DUPLICATE_METHOD_MATCH = YES;
				COPY_PHASE_STRIP = NO;
				DEBUG_INFORMATION_FORMAT = "dwarf-with-dsym";
				ENABLE_NS_ASSERTIONS = NO;
				ENABLE_STRICT_OBJC_MSGSEND = YES;
				GCC_C_LANGUAGE_STANDARD = gnu11;
				GCC_NO_COMMON_BLOCKS = YES;
				GCC_WARN_64_TO_32_BIT_CONVERSION = YES;
				GCC_WARN_ABOUT_RETURN_TYPE = YES_ERROR;
				GCC_WARN_UNDECLARED_SELECTOR = YES;
				GCC_WARN_UNINITIALIZED_AUTOS = YES_AGGRESSIVE;
				GCC_WARN_UNUSED_FUNCTION = YES;
				GCC_WARN_UNUSED_VARIABLE = YES;
				MACOSX_DEPLOYMENT_TARGET = 10.15;
				MTL_ENABLE_DEBUG_INFO = NO;
				MTL_FAST_MATH = YES;
				SDKROOT = macosx;
			};
			name = Release;
		};
		C5AEC7AE2588C9EF00800810 /* Debug */ = {
			isa = XCBuildConfiguration;
			buildSettings = {
				CLANG_ENABLE_OBJC_ARC = NO;
				CODE_SIGN_STYLE = Automatic;
				PRODUCT_NAME = "$(TARGET_NAME)";
			};
			name = Debug;
		};
		C5AEC7AF2588C9EF00800810 /* Release */ = {
			isa = XCBuildConfiguration;
			buildSettings = {
				CLANG_ENABLE_OBJC_ARC = NO;
				CODE_SIGN_STYLE = Automatic;
				PRODUCT_NAME = "$(TARGET_NAME)";
			};
			name = Release;
		};
/* End XCBuildConfiguration section */

/* Begin XCConfigurationList section */
		C5AEC7A12588C9EF00800810 /* Build configuration list for PBXProject "NilsAndAFlockOfGeese" */ = {
			isa = XCConfigurationList;
			buildConfigurations = (
				C5AEC7AB2588C9EF00800810 /* Debug */,
				C5AEC7AC2588C9EF00800810 /* Release */,
			);
			defaultConfigurationIsVisible = 0;
			defaultConfigurationName = Release;
		};
		C5AEC7AD2588C9EF00800810 /* Build configuration list for PBXNativeTarget "NilsAndAFlockOfGeese" */ = {
			isa = XCConfigurationList;
			buildConfigurations = (
				C5AEC7AE2588C9EF00800810 /* Debug */,
				C5AEC7AF2588C9EF00800810 /* Release */,
			);
			defaultConfigurationIsVisible = 0;
			defaultConfigurationName = Release;
		};
/* End XCConfigurationList section */
	};
	rootObject = C5AEC79E2588C9EF00800810 /* Project object */;
}
